Microsoft Visual Studio Solution File, Format Version 12.00
# Visual Studio Version 17
VisualStudioVersion = 17.8.0.0
MinimumVisualStudioVersion = 17.8.0.0
Project("{9A19103F-16F7-4668-BE54-9A1E7A4F7556}") = "eShop.AppHost", "eShop.AppHost\eShop.AppHost.csproj", "{F71CFD21-357A-45E2-B705-7891E735925B}"
EndProject
Project("{9A19103F-16F7-4668-BE54-9A1E7A4F7556}") = "eShop.ServiceDefaults", "eShop.ServiceDefaults\eShop.ServiceDefaults.csproj", "{68DD2E6E-0865-4B5F-A660-CC955B924924}"
EndProject
Project("{9A19103F-16F7-4668-BE54-9A1E7A4F7556}") = "eShop.ApiService", "eShop.ApiService\eShop.ApiService.csproj", "{3E50FC19-97E8-4AF4-B862-BD3E33169139}"
EndProject
Project("{9A19103F-16F7-4668-BE54-9A1E7A4F7556}") = "eShop.Web", "eShop.Web\eShop.Web.csproj", "{6C02843D-71F6-4CA9-B20E-CE5029D2C81D}"
EndProject
Global
	GlobalSection(SolutionConfigurationPlatforms) = preSolution
		Debug|Any CPU = Debug|Any CPU
		Release|Any CPU = Release|Any CPU
	EndGlobalSection
	GlobalSection(ProjectConfigurationPlatforms) = postSolution
		{F71CFD21-357A-45E2-B705-7891E735925B}.Debug|Any CPU.ActiveCfg = Debug|Any CPU
		{F71CFD21-357A-45E2-B705-7891E735925B}.Debug|Any CPU.Build.0 = Debug|Any CPU
		{F71CFD21-357A-45E2-B705-7891E735925B}.Release|Any CPU.ActiveCfg = Release|Any CPU
		{F71CFD21-357A-45E2-B705-7891E735925B}.Release|Any CPU.Build.0 = Release|Any CPU
		{68DD2E6E-0865-4B5F-A660-CC955B924924}.Debug|Any CPU.ActiveCfg = Debug|Any CPU
		{68DD2E6E-0865-4B5F-A660-CC955B924924}.Debug|Any CPU.Build.0 = Debug|Any CPU
		{68DD2E6E-0865-4B5F-A660-CC955B924924}.Release|Any CPU.ActiveCfg = Release|Any CPU
		{68DD2E6E-0865-4B5F-A660-CC955B924924}.Release|Any CPU.Build.0 = Release|Any CPU
		{3E50FC19-97E8-4AF4-B862-BD3E33169139}.Debug|Any CPU.ActiveCfg = Debug|Any CPU
		{3E50FC19-97E8-4AF4-B862-BD3E33169139}.Debug|Any CPU.Build.0 = Debug|Any CPU
		{3E50FC19-97E8-4AF4-B862-BD3E33169139}.Release|Any CPU.ActiveCfg = Release|Any CPU
		{3E50FC19-97E8-4AF4-B862-BD3E33169139}.Release|Any CPU.Build.0 = Release|Any CPU
		{6C02843D-71F6-4CA9-B20E-CE5029D2C81D}.Debug|Any CPU.ActiveCfg = Debug|Any CPU
		{6C02843D-71F6-4CA9-B20E-CE5029D2C81D}.Debug|Any CPU.Build.0 = Debug|Any CPU
		{6C02843D-71F6-4CA9-B20E-CE5029D2C81D}.Release|Any CPU.ActiveCfg = Release|Any CPU
		{6C02843D-71F6-4CA9-B20E-CE5029D2C81D}.Release|Any CPU.Build.0 = Release|Any CPU
	EndGlobalSection
	GlobalSection(SolutionProperties) = preSolution
		HideSolutionNode = FALSE
	EndGlobalSection
	GlobalSection(ExtensibilityGlobals) = postSolution
		SolutionGuid = {A5830F04-E31C-4D7D-8AF0-FF02C9DC5529}
	EndGlobalSection
EndGlobal
